# This file is automatically @generated by Cargo.
# It is not intended for manual editing.
version = 4

[[package]]
name = "autonomic-cli"
version = "0.1.0"

[[package]]
name = "autonomic-container"
version = "0.1.0"

[[package]]
name = "autonomic-core"
version = "0.1.0"

[[package]]
name = "autonomic-daemon"
version = "0.1.0"

[[package]]
name = "autonomic-db"
version = "0.1.0"

[[package]]
name = "autonomic-evolution"
version = "0.1.0"

[[package]]
name = "autonomic-hooks"
version = "0.1.0"

[[package]]
name = "autonomic-memory"
version = "0.1.0"

[[package]]
name = "autonomic-routing"
version = "0.1.0"

[[package]]
name = "autonomic-scheduler"
version = "0.1.0"

[[package]]
name = "autonomic-session"
version = "0.1.0"

[[package]]
name = "autonomic-state"
version = "0.1.0"

[[package]]
name = "autonomic-watchdog"
version = "0.1.0"
